
Microsoft Visual Studio Solution File, Format Version 12.00
# Visual Studio Version 16
VisualStudioVersion = 16.0.32630.194
MinimumVisualStudioVersion = 10.0.40219.1
Project("{FAE04EC0-301F-11D3-BF4B-00C04F79EFBC}") = "Aula6", "Aula6\Aula6.csproj", "{C2F58875-55CB-4398-A429-81AFF77A77A2}"
EndProject
Global
	GlobalSection(SolutionConfigurationPlatforms) = preSolution
		Debug|Any CPU = Debug|Any CPU
		Release|Any CPU = Release|Any CPU
	EndGlobalSection
	GlobalSection(ProjectConfigurationPlatforms) = postSolution
		{C2F58875-55CB-4398-A429-81AFF77A77A2}.Debug|Any CPU.ActiveCfg = Debug|Any CPU
		{C2F58875-55CB-4398-A429-81AFF77A77A2}.Debug|Any CPU.Build.0 = Debug|Any CPU
		{C2F58875-55CB-4398-A429-81AFF77A77A2}.Release|Any CPU.ActiveCfg = Release|Any CPU
		{C2F58875-55CB-4398-A429-81AFF77A77A2}.Release|Any CPU.Build.0 = Release|Any CPU
	EndGlobalSection
	GlobalSection(SolutionProperties) = preSolution
		HideSolutionNode = FALSE
	EndGlobalSection
	GlobalSection(ExtensibilityGlobals) = postSolution
		SolutionGuid = {713C3131-17F7-4932-9721-EFFF427AD927}
	EndGlobalSection
EndGlobal
